
Microsoft Visual Studio Solution File, Format Version 12.00
# Visual Studio 15
VisualStudioVersion = 15.0.27130.2010
MinimumVisualStudioVersion = 10.0.40219.1
Project("{8BC9CEB8-8B4A-11D0-8D11-00A0C91BC942}") = "Coordinator", "Coordinator.vcxproj", "{BC2C98D7-2584-4FE6-A591-C6D878834FF6}"
EndProject
Project("{8BC9CEB8-8B4A-11D0-8D11-00A0C91BC942}") = "Worker", "Worker\Worker.vcxproj", "{46DD9B7F-3962-4810-ACD0-06BA9266498E}"
EndProject
Global
	GlobalSection(SolutionConfigurationPlatforms) = preSolution
		Debug|x64 = Debug|x64
		Debug|x86 = Debug|x86
		Release|x64 = Release|x64
		Release|x86 = Release|x86
	EndGlobalSection
	GlobalSection(ProjectConfigurationPlatforms) = postSolution
		{BC2C98D7-2584-4FE6-A591-C6D878834FF6}.Debug|x64.ActiveCfg = Debug|x64
		{BC2C98D7-2584-4FE6-A591-C6D878834FF6}.Debug|x64.Build.0 = Debug|x64
		{BC2C98D7-2584-4FE6-A591-C6D878834FF6}.Debug|x86.ActiveCfg = Debug|Win32
		{BC2C98D7-2584-4FE6-A591-C6D878834FF6}.Debug|x86.Build.0 = Debug|Win32
		{BC2C98D7-2584-4FE6-A591-C6D878834FF6}.Release|x64.ActiveCfg = Release|x64
		{BC2C98D7-2584-4FE6-A591-C6D878834FF6}.Release|x64.Build.0 = Release|x64
		{BC2C98D7-2584-4FE6-A591-C6D878834FF6}.Release|x86.ActiveCfg = Release|Win32
		{BC2C98D7-2584-4FE6-A591-C6D878834FF6}.Release|x86.Build.0 = Release|Win32
		{46DD9B7F-3962-4810-ACD0-06BA9266498E}.Debug|x64.ActiveCfg = Debug|x64
		{46DD9B7F-3962-4810-ACD0-06BA9266498E}.Debug|x64.Build.0 = Debug|x64
		{46DD9B7F-3962-4810-ACD0-06BA9266498E}.Debug|x86.ActiveCfg = Debug|Win32
		{46DD9B7F-3962-4810-ACD0-06BA9266498E}.Debug|x86.Build.0 = Debug|Win32
		{46DD9B7F-3962-4810-ACD0-06BA9266498E}.Release|x64.ActiveCfg = Release|x64
		{46DD9B7F-3962-4810-ACD0-06BA9266498E}.Release|x64.Build.0 = Release|x64
		{46DD9B7F-3962-4810-ACD0-06BA9266498E}.Release|x86.ActiveCfg = Release|Win32
		{46DD9B7F-3962-4810-ACD0-06BA9266498E}.Release|x86.Build.0 = Release|Win32
	EndGlobalSection
	GlobalSection(SolutionProperties) = preSolution
		HideSolutionNode = FALSE
	EndGlobalSection
	GlobalSection(ExtensibilityGlobals) = postSolution
		SolutionGuid = {582B61B9-4CB7-40CE-A278-6DCFEF76467B}
	EndGlobalSection
EndGlobal
