
Microsoft Visual Studio Solution File, Format Version 12.00
# Visual Studio 15
VisualStudioVersion = 15.0.27130.2003
MinimumVisualStudioVersion = 10.0.40219.1
Project("{8BC9CEB8-8B4A-11D0-8D11-00A0C91BC942}") = "FirstSDL", "FirstSDL.vcxproj", "{FD077344-EFEA-4042-BAFB-705EE34F74DC}"
EndProject
Project("{8BC9CEB8-8B4A-11D0-8D11-00A0C91BC942}") = "Test", "Test\Test.vcxproj", "{87507123-7A64-4156-98FD-4EBC9E363AF4}"
EndProject
Global
	GlobalSection(SolutionConfigurationPlatforms) = preSolution
		Debug|x64 = Debug|x64
		Debug|x86 = Debug|x86
		Release|x64 = Release|x64
		Release|x86 = Release|x86
	EndGlobalSection
	GlobalSection(ProjectConfigurationPlatforms) = postSolution
		{FD077344-EFEA-4042-BAFB-705EE34F74DC}.Debug|x64.ActiveCfg = Debug|x64
		{FD077344-EFEA-4042-BAFB-705EE34F74DC}.Debug|x64.Build.0 = Debug|x64
		{FD077344-EFEA-4042-BAFB-705EE34F74DC}.Debug|x86.ActiveCfg = Debug|Win32
		{FD077344-EFEA-4042-BAFB-705EE34F74DC}.Debug|x86.Build.0 = Debug|Win32
		{FD077344-EFEA-4042-BAFB-705EE34F74DC}.Release|x64.ActiveCfg = Release|x64
		{FD077344-EFEA-4042-BAFB-705EE34F74DC}.Release|x64.Build.0 = Release|x64
		{FD077344-EFEA-4042-BAFB-705EE34F74DC}.Release|x86.ActiveCfg = Release|Win32
		{FD077344-EFEA-4042-BAFB-705EE34F74DC}.Release|x86.Build.0 = Release|Win32
		{87507123-7A64-4156-98FD-4EBC9E363AF4}.Debug|x64.ActiveCfg = Debug|x64
		{87507123-7A64-4156-98FD-4EBC9E363AF4}.Debug|x64.Build.0 = Debug|x64
		{87507123-7A64-4156-98FD-4EBC9E363AF4}.Debug|x86.ActiveCfg = Debug|Win32
		{87507123-7A64-4156-98FD-4EBC9E363AF4}.Debug|x86.Build.0 = Debug|Win32
		{87507123-7A64-4156-98FD-4EBC9E363AF4}.Release|x64.ActiveCfg = Release|x64
		{87507123-7A64-4156-98FD-4EBC9E363AF4}.Release|x64.Build.0 = Release|x64
		{87507123-7A64-4156-98FD-4EBC9E363AF4}.Release|x86.ActiveCfg = Release|Win32
		{87507123-7A64-4156-98FD-4EBC9E363AF4}.Release|x86.Build.0 = Release|Win32
	EndGlobalSection
	GlobalSection(SolutionProperties) = preSolution
		HideSolutionNode = FALSE
	EndGlobalSection
	GlobalSection(ExtensibilityGlobals) = postSolution
		SolutionGuid = {79090BEC-A532-4720-8DE2-7B361ECEC0B2}
	EndGlobalSection
EndGlobal
